
Microsoft Visual Studio Solution File, Format Version 12.00
# Visual Studio Version 17
VisualStudioVersion = 17.0.31903.59
MinimumVisualStudioVersion = 10.0.40219.1
Project("{FAE04EC0-301F-11D3-BF4B-00C04F79EFBC}") = "Industrio", "Industrio.csproj", "{C01EC78F-1BDC-4A4E-B932-F9E64E06E498}"
EndProject
Global
	GlobalSection(SolutionConfigurationPlatforms) = preSolution
		Debug|Any CPU = Debug|Any CPU
		Release|Any CPU = Release|Any CPU
	EndGlobalSection
	GlobalSection(SolutionProperties) = preSolution
		HideSolutionNode = FALSE
	EndGlobalSection
	GlobalSection(ProjectConfigurationPlatforms) = postSolution
		{C01EC78F-1BDC-4A4E-B932-F9E64E06E498}.Debug|Any CPU.ActiveCfg = Debug|Any CPU
		{C01EC78F-1BDC-4A4E-B932-F9E64E06E498}.Debug|Any CPU.Build.0 = Debug|Any CPU
		{C01EC78F-1BDC-4A4E-B932-F9E64E06E498}.Release|Any CPU.ActiveCfg = Release|Any CPU
		{C01EC78F-1BDC-4A4E-B932-F9E64E06E498}.Release|Any CPU.Build.0 = Release|Any CPU
	EndGlobalSection
EndGlobal
